
Microsoft Visual Studio Solution File, Format Version 12.00
# Visual Studio Version 17
VisualStudioVersion = 17.6.33712.159
MinimumVisualStudioVersion = 10.0.40219.1
Project("{2150E333-8FDC-42A3-9474-1A3956D46DE8}") = "ChatRoomManagement", "ChatRoomManagement", "{F79AC561-4594-411C-A7E1-9FF40E8DDBA6}"
EndProject
Project("{2150E333-8FDC-42A3-9474-1A3956D46DE8}") = "CM.Domain", "CM.Domain", "{AC4D9419-0493-41B3-8C85-7277E1895A9F}"
EndProject
Project("{2150E333-8FDC-42A3-9474-1A3956D46DE8}") = "CM.Application", "CM.Application", "{C8CDB450-CF46-40A8-A091-23F10A5ECCE6}"
EndProject
Project("{2150E333-8FDC-42A3-9474-1A3956D46DE8}") = "CM.Infrastructure", "CM.Infrastructure", "{14659849-0CEA-4917-AB9E-EE9AACB97C08}"
EndProject
Project("{9A19103F-16F7-4668-BE54-9A1E7A4F7556}") = "ChatRoomManagement.Domain", "ChatRoomManagement.Domain\ChatRoomManagement.Domain.csproj", "{CD73A6AF-248E-49AC-821A-1F3C73B617DD}"
EndProject
Project("{9A19103F-16F7-4668-BE54-9A1E7A4F7556}") = "ChatRoomManagement.Application", "ChatRoomManagement.Application\ChatRoomManagement.Application.csproj", "{E47A8F94-C134-403D-9613-C5C863E2D3C6}"
EndProject
Project("{9A19103F-16F7-4668-BE54-9A1E7A4F7556}") = "ChatRoomManagement.Application.Contracts", "ChatRoomManagement.Application.Contracts\ChatRoomManagement.Application.Contracts.csproj", "{05A7F662-5491-4DDC-A7E3-9B557E6E18D6}"
EndProject
Project("{9A19103F-16F7-4668-BE54-9A1E7A4F7556}") = "ChatRoomManagement.Infrastructure.EfCore", "ChatRoomManagement.Infrastructure.EfCore\ChatRoomManagement.Infrastructure.EfCore.csproj", "{E36EC831-C3DD-4CD8-BAD0-28D8A0786DBF}"
EndProject
Project("{9A19103F-16F7-4668-BE54-9A1E7A4F7556}") = "ChatRoomManagement.Infrastructure.Configuration", "ChatRoomManagement.Infrastructure.Configuration\ChatRoomManagement.Infrastructure.Configuration.csproj", "{A54E9CBE-4D9F-4C12-8E95-AC09A7319510}"
EndProject
Project("{9A19103F-16F7-4668-BE54-9A1E7A4F7556}") = "ServiceHost", "ServiceHost\ServiceHost.csproj", "{49B67A3C-68DC-4A6A-AA29-4143B397BB1B}"
EndProject
Project("{FAE04EC0-301F-11D3-BF4B-00C04F79EFBC}") = "01-framework", "01-framework\01-framework.csproj", "{139E53C8-4F6A-48AA-8294-AABEC551A996}"
EndProject
Global
	GlobalSection(SolutionConfigurationPlatforms) = preSolution
		Debug|Any CPU = Debug|Any CPU
		Release|Any CPU = Release|Any CPU
	EndGlobalSection
	GlobalSection(ProjectConfigurationPlatforms) = postSolution
		{CD73A6AF-248E-49AC-821A-1F3C73B617DD}.Debug|Any CPU.ActiveCfg = Debug|Any CPU
		{CD73A6AF-248E-49AC-821A-1F3C73B617DD}.Debug|Any CPU.Build.0 = Debug|Any CPU
		{CD73A6AF-248E-49AC-821A-1F3C73B617DD}.Release|Any CPU.ActiveCfg = Release|Any CPU
		{CD73A6AF-248E-49AC-821A-1F3C73B617DD}.Release|Any CPU.Build.0 = Release|Any CPU
		{E47A8F94-C134-403D-9613-C5C863E2D3C6}.Debug|Any CPU.ActiveCfg = Debug|Any CPU
		{E47A8F94-C134-403D-9613-C5C863E2D3C6}.Debug|Any CPU.Build.0 = Debug|Any CPU
		{E47A8F94-C134-403D-9613-C5C863E2D3C6}.Release|Any CPU.ActiveCfg = Release|Any CPU
		{E47A8F94-C134-403D-9613-C5C863E2D3C6}.Release|Any CPU.Build.0 = Release|Any CPU
		{05A7F662-5491-4DDC-A7E3-9B557E6E18D6}.Debug|Any CPU.ActiveCfg = Debug|Any CPU
		{05A7F662-5491-4DDC-A7E3-9B557E6E18D6}.Debug|Any CPU.Build.0 = Debug|Any CPU
		{05A7F662-5491-4DDC-A7E3-9B557E6E18D6}.Release|Any CPU.ActiveCfg = Release|Any CPU
		{05A7F662-5491-4DDC-A7E3-9B557E6E18D6}.Release|Any CPU.Build.0 = Release|Any CPU
		{E36EC831-C3DD-4CD8-BAD0-28D8A0786DBF}.Debug|Any CPU.ActiveCfg = Debug|Any CPU
		{E36EC831-C3DD-4CD8-BAD0-28D8A0786DBF}.Debug|Any CPU.Build.0 = Debug|Any CPU
		{E36EC831-C3DD-4CD8-BAD0-28D8A0786DBF}.Release|Any CPU.ActiveCfg = Release|Any CPU
		{E36EC831-C3DD-4CD8-BAD0-28D8A0786DBF}.Release|Any CPU.Build.0 = Release|Any CPU
		{A54E9CBE-4D9F-4C12-8E95-AC09A7319510}.Debug|Any CPU.ActiveCfg = Debug|Any CPU
		{A54E9CBE-4D9F-4C12-8E95-AC09A7319510}.Debug|Any CPU.Build.0 = Debug|Any CPU
		{A54E9CBE-4D9F-4C12-8E95-AC09A7319510}.Release|Any CPU.ActiveCfg = Release|Any CPU
		{A54E9CBE-4D9F-4C12-8E95-AC09A7319510}.Release|Any CPU.Build.0 = Release|Any CPU
		{49B67A3C-68DC-4A6A-AA29-4143B397BB1B}.Debug|Any CPU.ActiveCfg = Debug|Any CPU
		{49B67A3C-68DC-4A6A-AA29-4143B397BB1B}.Debug|Any CPU.Build.0 = Debug|Any CPU
		{49B67A3C-68DC-4A6A-AA29-4143B397BB1B}.Release|Any CPU.ActiveCfg = Release|Any CPU
		{49B67A3C-68DC-4A6A-AA29-4143B397BB1B}.Release|Any CPU.Build.0 = Release|Any CPU
		{139E53C8-4F6A-48AA-8294-AABEC551A996}.Debug|Any CPU.ActiveCfg = Debug|Any CPU
		{139E53C8-4F6A-48AA-8294-AABEC551A996}.Debug|Any CPU.Build.0 = Debug|Any CPU
		{139E53C8-4F6A-48AA-8294-AABEC551A996}.Release|Any CPU.ActiveCfg = Release|Any CPU
		{139E53C8-4F6A-48AA-8294-AABEC551A996}.Release|Any CPU.Build.0 = Release|Any CPU
	EndGlobalSection
	GlobalSection(SolutionProperties) = preSolution
		HideSolutionNode = FALSE
	EndGlobalSection
	GlobalSection(NestedProjects) = preSolution
		{AC4D9419-0493-41B3-8C85-7277E1895A9F} = {F79AC561-4594-411C-A7E1-9FF40E8DDBA6}
		{C8CDB450-CF46-40A8-A091-23F10A5ECCE6} = {F79AC561-4594-411C-A7E1-9FF40E8DDBA6}
		{14659849-0CEA-4917-AB9E-EE9AACB97C08} = {F79AC561-4594-411C-A7E1-9FF40E8DDBA6}
		{CD73A6AF-248E-49AC-821A-1F3C73B617DD} = {AC4D9419-0493-41B3-8C85-7277E1895A9F}
		{E47A8F94-C134-403D-9613-C5C863E2D3C6} = {C8CDB450-CF46-40A8-A091-23F10A5ECCE6}
		{05A7F662-5491-4DDC-A7E3-9B557E6E18D6} = {C8CDB450-CF46-40A8-A091-23F10A5ECCE6}
		{E36EC831-C3DD-4CD8-BAD0-28D8A0786DBF} = {14659849-0CEA-4917-AB9E-EE9AACB97C08}
		{A54E9CBE-4D9F-4C12-8E95-AC09A7319510} = {14659849-0CEA-4917-AB9E-EE9AACB97C08}
	EndGlobalSection
	GlobalSection(ExtensibilityGlobals) = postSolution
		SolutionGuid = {5598546C-EFA9-4547-A922-9E7E952EA2EB}
	EndGlobalSection
EndGlobal
